
Microsoft Visual Studio Solution File, Format Version 12.00
# Visual Studio Version 16
VisualStudioVersion = 16.0.31402.337
MinimumVisualStudioVersion = 10.0.40219.1
Project("{FAE04EC0-301F-11D3-BF4B-00C04F79EFBC}") = "BooksApi", "BooksApi.csproj", "{38CB42A5-0E33-4DED-AE2E-4D302F3AFF2D}"
EndProject
Global
	GlobalSection(SolutionConfigurationPlatforms) = preSolution
		Debug|Any CPU = Debug|Any CPU
		Release|Any CPU = Release|Any CPU
	EndGlobalSection
	GlobalSection(ProjectConfigurationPlatforms) = postSolution
		{38CB42A5-0E33-4DED-AE2E-4D302F3AFF2D}.Debug|Any CPU.ActiveCfg = Debug|Any CPU
		{38CB42A5-0E33-4DED-AE2E-4D302F3AFF2D}.Debug|Any CPU.Build.0 = Debug|Any CPU
		{38CB42A5-0E33-4DED-AE2E-4D302F3AFF2D}.Release|Any CPU.ActiveCfg = Release|Any CPU
		{38CB42A5-0E33-4DED-AE2E-4D302F3AFF2D}.Release|Any CPU.Build.0 = Release|Any CPU
	EndGlobalSection
	GlobalSection(SolutionProperties) = preSolution
		HideSolutionNode = FALSE
	EndGlobalSection
	GlobalSection(ExtensibilityGlobals) = postSolution
		SolutionGuid = {57928CCE-09CF-4567-8ABF-4BA32AE9ECC4}
	EndGlobalSection
EndGlobal
