
Microsoft Visual Studio Solution File, Format Version 12.00
# Visual Studio Version 16
VisualStudioVersion = 16.0.31424.327
MinimumVisualStudioVersion = 10.0.40219.1
Project("{FAE04EC0-301F-11D3-BF4B-00C04F79EFBC}") = "Notes.Android", "Notes.Android\Notes.Android.csproj", "{EB1F0492-49A8-4BFA-8522-5AFBF468ED63}"
EndProject
Project("{FAE04EC0-301F-11D3-BF4B-00C04F79EFBC}") = "Notes.iOS", "Notes.iOS\Notes.iOS.csproj", "{73129D25-5CC9-4384-9461-A46C2BFAC745}"
EndProject
Project("{FAE04EC0-301F-11D3-BF4B-00C04F79EFBC}") = "Notes", "Notes\Notes.csproj", "{75F3A162-477B-40CB-91AE-9A514E9FCD6A}"
EndProject
Global
	GlobalSection(SolutionConfigurationPlatforms) = preSolution
		Debug|Any CPU = Debug|Any CPU
		Debug|iPhone = Debug|iPhone
		Debug|iPhoneSimulator = Debug|iPhoneSimulator
		Release|Any CPU = Release|Any CPU
		Release|iPhone = Release|iPhone
		Release|iPhoneSimulator = Release|iPhoneSimulator
	EndGlobalSection
	GlobalSection(ProjectConfigurationPlatforms) = postSolution
		{EB1F0492-49A8-4BFA-8522-5AFBF468ED63}.Debug|Any CPU.ActiveCfg = Debug|Any CPU
		{EB1F0492-49A8-4BFA-8522-5AFBF468ED63}.Debug|Any CPU.Build.0 = Debug|Any CPU
		{EB1F0492-49A8-4BFA-8522-5AFBF468ED63}.Debug|Any CPU.Deploy.0 = Debug|Any CPU
		{EB1F0492-49A8-4BFA-8522-5AFBF468ED63}.Debug|iPhone.ActiveCfg = Debug|Any CPU
		{EB1F0492-49A8-4BFA-8522-5AFBF468ED63}.Debug|iPhone.Build.0 = Debug|Any CPU
		{EB1F0492-49A8-4BFA-8522-5AFBF468ED63}.Debug|iPhone.Deploy.0 = Debug|Any CPU
		{EB1F0492-49A8-4BFA-8522-5AFBF468ED63}.Debug|iPhoneSimulator.ActiveCfg = Debug|Any CPU
		{EB1F0492-49A8-4BFA-8522-5AFBF468ED63}.Debug|iPhoneSimulator.Build.0 = Debug|Any CPU
		{EB1F0492-49A8-4BFA-8522-5AFBF468ED63}.Debug|iPhoneSimulator.Deploy.0 = Debug|Any CPU
		{EB1F0492-49A8-4BFA-8522-5AFBF468ED63}.Release|Any CPU.ActiveCfg = Release|Any CPU
		{EB1F0492-49A8-4BFA-8522-5AFBF468ED63}.Release|Any CPU.Build.0 = Release|Any CPU
		{EB1F0492-49A8-4BFA-8522-5AFBF468ED63}.Release|Any CPU.Deploy.0 = Release|Any CPU
		{EB1F0492-49A8-4BFA-8522-5AFBF468ED63}.Release|iPhone.ActiveCfg = Release|Any CPU
		{EB1F0492-49A8-4BFA-8522-5AFBF468ED63}.Release|iPhone.Build.0 = Release|Any CPU
		{EB1F0492-49A8-4BFA-8522-5AFBF468ED63}.Release|iPhone.Deploy.0 = Release|Any CPU
		{EB1F0492-49A8-4BFA-8522-5AFBF468ED63}.Release|iPhoneSimulator.ActiveCfg = Release|Any CPU
		{EB1F0492-49A8-4BFA-8522-5AFBF468ED63}.Release|iPhoneSimulator.Build.0 = Release|Any CPU
		{EB1F0492-49A8-4BFA-8522-5AFBF468ED63}.Release|iPhoneSimulator.Deploy.0 = Release|Any CPU
		{73129D25-5CC9-4384-9461-A46C2BFAC745}.Debug|Any CPU.ActiveCfg = Debug|iPhone
		{73129D25-5CC9-4384-9461-A46C2BFAC745}.Debug|Any CPU.Build.0 = Debug|iPhone
		{73129D25-5CC9-4384-9461-A46C2BFAC745}.Debug|Any CPU.Deploy.0 = Debug|iPhone
		{73129D25-5CC9-4384-9461-A46C2BFAC745}.Debug|iPhone.ActiveCfg = Debug|iPhone
		{73129D25-5CC9-4384-9461-A46C2BFAC745}.Debug|iPhone.Build.0 = Debug|iPhone
		{73129D25-5CC9-4384-9461-A46C2BFAC745}.Debug|iPhone.Deploy.0 = Debug|iPhone
		{73129D25-5CC9-4384-9461-A46C2BFAC745}.Debug|iPhoneSimulator.ActiveCfg = Debug|iPhoneSimulator
		{73129D25-5CC9-4384-9461-A46C2BFAC745}.Debug|iPhoneSimulator.Build.0 = Debug|iPhoneSimulator
		{73129D25-5CC9-4384-9461-A46C2BFAC745}.Debug|iPhoneSimulator.Deploy.0 = Debug|iPhoneSimulator
		{73129D25-5CC9-4384-9461-A46C2BFAC745}.Release|Any CPU.ActiveCfg = Release|iPhoneSimulator
		{73129D25-5CC9-4384-9461-A46C2BFAC745}.Release|Any CPU.Build.0 = Release|iPhoneSimulator
		{73129D25-5CC9-4384-9461-A46C2BFAC745}.Release|Any CPU.Deploy.0 = Release|iPhoneSimulator
		{73129D25-5CC9-4384-9461-A46C2BFAC745}.Release|iPhone.ActiveCfg = Release|iPhone
		{73129D25-5CC9-4384-9461-A46C2BFAC745}.Release|iPhone.Build.0 = Release|iPhone
		{73129D25-5CC9-4384-9461-A46C2BFAC745}.Release|iPhone.Deploy.0 = Release|iPhone
		{73129D25-5CC9-4384-9461-A46C2BFAC745}.Release|iPhoneSimulator.ActiveCfg = Release|iPhoneSimulator
		{73129D25-5CC9-4384-9461-A46C2BFAC745}.Release|iPhoneSimulator.Build.0 = Release|iPhoneSimulator
		{73129D25-5CC9-4384-9461-A46C2BFAC745}.Release|iPhoneSimulator.Deploy.0 = Release|iPhoneSimulator
		{75F3A162-477B-40CB-91AE-9A514E9FCD6A}.Debug|Any CPU.ActiveCfg = Debug|Any CPU
		{75F3A162-477B-40CB-91AE-9A514E9FCD6A}.Debug|Any CPU.Build.0 = Debug|Any CPU
		{75F3A162-477B-40CB-91AE-9A514E9FCD6A}.Debug|Any CPU.Deploy.0 = Debug|Any CPU
		{75F3A162-477B-40CB-91AE-9A514E9FCD6A}.Debug|iPhone.ActiveCfg = Debug|Any CPU
		{75F3A162-477B-40CB-91AE-9A514E9FCD6A}.Debug|iPhone.Build.0 = Debug|Any CPU
		{75F3A162-477B-40CB-91AE-9A514E9FCD6A}.Debug|iPhone.Deploy.0 = Debug|Any CPU
		{75F3A162-477B-40CB-91AE-9A514E9FCD6A}.Debug|iPhoneSimulator.ActiveCfg = Debug|Any CPU
		{75F3A162-477B-40CB-91AE-9A514E9FCD6A}.Debug|iPhoneSimulator.Build.0 = Debug|Any CPU
		{75F3A162-477B-40CB-91AE-9A514E9FCD6A}.Debug|iPhoneSimulator.Deploy.0 = Debug|Any CPU
		{75F3A162-477B-40CB-91AE-9A514E9FCD6A}.Release|Any CPU.ActiveCfg = Release|Any CPU
		{75F3A162-477B-40CB-91AE-9A514E9FCD6A}.Release|Any CPU.Build.0 = Release|Any CPU
		{75F3A162-477B-40CB-91AE-9A514E9FCD6A}.Release|Any CPU.Deploy.0 = Release|Any CPU
		{75F3A162-477B-40CB-91AE-9A514E9FCD6A}.Release|iPhone.ActiveCfg = Release|Any CPU
		{75F3A162-477B-40CB-91AE-9A514E9FCD6A}.Release|iPhone.Build.0 = Release|Any CPU
		{75F3A162-477B-40CB-91AE-9A514E9FCD6A}.Release|iPhone.Deploy.0 = Release|Any CPU
		{75F3A162-477B-40CB-91AE-9A514E9FCD6A}.Release|iPhoneSimulator.ActiveCfg = Release|Any CPU
		{75F3A162-477B-40CB-91AE-9A514E9FCD6A}.Release|iPhoneSimulator.Build.0 = Release|Any CPU
		{75F3A162-477B-40CB-91AE-9A514E9FCD6A}.Release|iPhoneSimulator.Deploy.0 = Release|Any CPU
	EndGlobalSection
	GlobalSection(SolutionProperties) = preSolution
		HideSolutionNode = FALSE
	EndGlobalSection
	GlobalSection(ExtensibilityGlobals) = postSolution
		SolutionGuid = {0F182E42-6691-4ED8-906C-D68031728202}
	EndGlobalSection
EndGlobal
